
Microsoft Visual Studio Solution File, Format Version 12.00
# Visual Studio 14
VisualStudioVersion = 14.0.23107.0
MinimumVisualStudioVersion = 10.0.40219.1
Project("{8BC9CEB8-8B4A-11D0-8D11-00A0C91BC942}") = "LibGd", "LibGd\LibGd.vcxproj", "{386F27E0-DFCB-4ED9-8E8E-4E55AAC8EDBC}"
EndProject
Project("{FAE04EC0-301F-11D3-BF4B-00C04F79EFBC}") = "LibGdNet", "LibGdNet\LibGdNet.csproj", "{FEA4005D-41C6-4EAA-B871-8248AB77A6BA}"
EndProject
Global
	GlobalSection(SolutionConfigurationPlatforms) = preSolution
		Debug|Any CPU = Debug|Any CPU
		Debug|x64 = Debug|x64
		Debug|x86 = Debug|x86
		Release|Any CPU = Release|Any CPU
		Release|x64 = Release|x64
		Release|x86 = Release|x86
	EndGlobalSection
	GlobalSection(ProjectConfigurationPlatforms) = postSolution
		{386F27E0-DFCB-4ED9-8E8E-4E55AAC8EDBC}.Debug|Any CPU.ActiveCfg = Debug|Win32
		{386F27E0-DFCB-4ED9-8E8E-4E55AAC8EDBC}.Debug|x64.ActiveCfg = Debug|x64
		{386F27E0-DFCB-4ED9-8E8E-4E55AAC8EDBC}.Debug|x64.Build.0 = Debug|x64
		{386F27E0-DFCB-4ED9-8E8E-4E55AAC8EDBC}.Debug|x86.ActiveCfg = Debug|Win32
		{386F27E0-DFCB-4ED9-8E8E-4E55AAC8EDBC}.Debug|x86.Build.0 = Debug|Win32
		{386F27E0-DFCB-4ED9-8E8E-4E55AAC8EDBC}.Release|Any CPU.ActiveCfg = Release|Win32
		{386F27E0-DFCB-4ED9-8E8E-4E55AAC8EDBC}.Release|x64.ActiveCfg = Release|x64
		{386F27E0-DFCB-4ED9-8E8E-4E55AAC8EDBC}.Release|x64.Build.0 = Release|x64
		{386F27E0-DFCB-4ED9-8E8E-4E55AAC8EDBC}.Release|x86.ActiveCfg = Release|Win32
		{386F27E0-DFCB-4ED9-8E8E-4E55AAC8EDBC}.Release|x86.Build.0 = Release|Win32
		{FEA4005D-41C6-4EAA-B871-8248AB77A6BA}.Debug|Any CPU.ActiveCfg = Debug|Any CPU
		{FEA4005D-41C6-4EAA-B871-8248AB77A6BA}.Debug|Any CPU.Build.0 = Debug|Any CPU
		{FEA4005D-41C6-4EAA-B871-8248AB77A6BA}.Debug|x64.ActiveCfg = Debug|Any CPU
		{FEA4005D-41C6-4EAA-B871-8248AB77A6BA}.Debug|x64.Build.0 = Debug|Any CPU
		{FEA4005D-41C6-4EAA-B871-8248AB77A6BA}.Debug|x86.ActiveCfg = Debug|Any CPU
		{FEA4005D-41C6-4EAA-B871-8248AB77A6BA}.Debug|x86.Build.0 = Debug|Any CPU
		{FEA4005D-41C6-4EAA-B871-8248AB77A6BA}.Release|Any CPU.ActiveCfg = Release|Any CPU
		{FEA4005D-41C6-4EAA-B871-8248AB77A6BA}.Release|Any CPU.Build.0 = Release|Any CPU
		{FEA4005D-41C6-4EAA-B871-8248AB77A6BA}.Release|x64.ActiveCfg = Release|Any CPU
		{FEA4005D-41C6-4EAA-B871-8248AB77A6BA}.Release|x64.Build.0 = Release|Any CPU
		{FEA4005D-41C6-4EAA-B871-8248AB77A6BA}.Release|x86.ActiveCfg = Release|Any CPU
		{FEA4005D-41C6-4EAA-B871-8248AB77A6BA}.Release|x86.Build.0 = Release|Any CPU
	EndGlobalSection
	GlobalSection(SolutionProperties) = preSolution
		HideSolutionNode = FALSE
	EndGlobalSection
EndGlobal
